
Microsoft Visual Studio Solution File, Format Version 12.00
# Visual Studio Version 16
VisualStudioVersion = 16.0.30611.23
MinimumVisualStudioVersion = 10.0.40219.1
Project("{FAE04EC0-301F-11D3-BF4B-00C04F79EFBC}") = "Client", "Client\Client.csproj", "{EB307CBA-9B0C-459B-8775-B2DD2E25FFC1}"
EndProject
Global
	GlobalSection(SolutionConfigurationPlatforms) = preSolution
		Debug|Any CPU = Debug|Any CPU
		Release|Any CPU = Release|Any CPU
	EndGlobalSection
	GlobalSection(ProjectConfigurationPlatforms) = postSolution
		{EB307CBA-9B0C-459B-8775-B2DD2E25FFC1}.Debug|Any CPU.ActiveCfg = Debug|Any CPU
		{EB307CBA-9B0C-459B-8775-B2DD2E25FFC1}.Debug|Any CPU.Build.0 = Debug|Any CPU
		{EB307CBA-9B0C-459B-8775-B2DD2E25FFC1}.Release|Any CPU.ActiveCfg = Release|Any CPU
		{EB307CBA-9B0C-459B-8775-B2DD2E25FFC1}.Release|Any CPU.Build.0 = Release|Any CPU
	EndGlobalSection
	GlobalSection(SolutionProperties) = preSolution
		HideSolutionNode = FALSE
	EndGlobalSection
	GlobalSection(ExtensibilityGlobals) = postSolution
		SolutionGuid = {F449B942-D44B-4F74-BAF3-63F39FD7DC62}
	EndGlobalSection
EndGlobal
