
Microsoft Visual Studio Solution File, Format Version 12.00
# Visual Studio Version 16
VisualStudioVersion = 16.0.30611.23
MinimumVisualStudioVersion = 10.0.40219.1
Project("{FAE04EC0-301F-11D3-BF4B-00C04F79EFBC}") = "Server", "Server\Server.csproj", "{B43B603D-BCF0-4884-AA96-5C6997D77A96}"
EndProject
Global
	GlobalSection(SolutionConfigurationPlatforms) = preSolution
		Debug|Any CPU = Debug|Any CPU
		Release|Any CPU = Release|Any CPU
	EndGlobalSection
	GlobalSection(ProjectConfigurationPlatforms) = postSolution
		{B43B603D-BCF0-4884-AA96-5C6997D77A96}.Debug|Any CPU.ActiveCfg = Debug|Any CPU
		{B43B603D-BCF0-4884-AA96-5C6997D77A96}.Debug|Any CPU.Build.0 = Debug|Any CPU
		{B43B603D-BCF0-4884-AA96-5C6997D77A96}.Release|Any CPU.ActiveCfg = Release|Any CPU
		{B43B603D-BCF0-4884-AA96-5C6997D77A96}.Release|Any CPU.Build.0 = Release|Any CPU
	EndGlobalSection
	GlobalSection(SolutionProperties) = preSolution
		HideSolutionNode = FALSE
	EndGlobalSection
	GlobalSection(ExtensibilityGlobals) = postSolution
		SolutionGuid = {B0ABD378-5246-43EA-8B09-4C2EC6E08C8E}
	EndGlobalSection
EndGlobal
